
Microsoft Visual Studio Solution File, Format Version 12.00
# Visual Studio Version 16
VisualStudioVersion = 16.0.30204.135
MinimumVisualStudioVersion = 10.0.40219.1
Project("{FAE04EC0-301F-11D3-BF4B-00C04F79EFBC}") = "ClassInheritance2", "ClassInheritance2\ClassInheritance2.csproj", "{1788CC35-87F4-4554-9FB6-EA4E30C67CFB}"
EndProject
Global
	GlobalSection(SolutionConfigurationPlatforms) = preSolution
		Debug|Any CPU = Debug|Any CPU
		Release|Any CPU = Release|Any CPU
	EndGlobalSection
	GlobalSection(ProjectConfigurationPlatforms) = postSolution
		{1788CC35-87F4-4554-9FB6-EA4E30C67CFB}.Debug|Any CPU.ActiveCfg = Debug|Any CPU
		{1788CC35-87F4-4554-9FB6-EA4E30C67CFB}.Debug|Any CPU.Build.0 = Debug|Any CPU
		{1788CC35-87F4-4554-9FB6-EA4E30C67CFB}.Release|Any CPU.ActiveCfg = Release|Any CPU
		{1788CC35-87F4-4554-9FB6-EA4E30C67CFB}.Release|Any CPU.Build.0 = Release|Any CPU
	EndGlobalSection
	GlobalSection(SolutionProperties) = preSolution
		HideSolutionNode = FALSE
	EndGlobalSection
	GlobalSection(ExtensibilityGlobals) = postSolution
		SolutionGuid = {93D68C8E-ECB7-4DA9-88A5-FE98FFBEB171}
	EndGlobalSection
EndGlobal
