
Microsoft Visual Studio Solution File, Format Version 12.00
# Visual Studio Version 16
VisualStudioVersion = 16.0.30204.135
MinimumVisualStudioVersion = 10.0.40219.1
Project("{FAE04EC0-301F-11D3-BF4B-00C04F79EFBC}") = "BasicHTMLVideoWebPage", "BasicHTMLVideoWebPage\BasicHTMLVideoWebPage.csproj", "{3E3C849F-F8B5-4570-A1CF-F4635B2423C4}"
EndProject
Global
	GlobalSection(SolutionConfigurationPlatforms) = preSolution
		Debug|Any CPU = Debug|Any CPU
		Release|Any CPU = Release|Any CPU
	EndGlobalSection
	GlobalSection(ProjectConfigurationPlatforms) = postSolution
		{3E3C849F-F8B5-4570-A1CF-F4635B2423C4}.Debug|Any CPU.ActiveCfg = Debug|Any CPU
		{3E3C849F-F8B5-4570-A1CF-F4635B2423C4}.Debug|Any CPU.Build.0 = Debug|Any CPU
		{3E3C849F-F8B5-4570-A1CF-F4635B2423C4}.Release|Any CPU.ActiveCfg = Release|Any CPU
		{3E3C849F-F8B5-4570-A1CF-F4635B2423C4}.Release|Any CPU.Build.0 = Release|Any CPU
	EndGlobalSection
	GlobalSection(SolutionProperties) = preSolution
		HideSolutionNode = FALSE
	EndGlobalSection
	GlobalSection(ExtensibilityGlobals) = postSolution
		SolutionGuid = {E899DB37-8E2C-4CF1-900C-9BE4A3070DCE}
	EndGlobalSection
EndGlobal
