
Microsoft Visual Studio Solution File, Format Version 12.00
# Visual Studio Version 16
VisualStudioVersion = 16.0.30204.135
MinimumVisualStudioVersion = 10.0.40219.1
Project("{FAE04EC0-301F-11D3-BF4B-00C04F79EFBC}") = "CarInsuranceApprovalProgram", "CarInsuranceApprovalProgram\CarInsuranceApprovalProgram.csproj", "{04B587A5-FC17-4E7B-87E4-11D54360C0FE}"
EndProject
Global
	GlobalSection(SolutionConfigurationPlatforms) = preSolution
		Debug|Any CPU = Debug|Any CPU
		Release|Any CPU = Release|Any CPU
	EndGlobalSection
	GlobalSection(ProjectConfigurationPlatforms) = postSolution
		{04B587A5-FC17-4E7B-87E4-11D54360C0FE}.Debug|Any CPU.ActiveCfg = Debug|Any CPU
		{04B587A5-FC17-4E7B-87E4-11D54360C0FE}.Debug|Any CPU.Build.0 = Debug|Any CPU
		{04B587A5-FC17-4E7B-87E4-11D54360C0FE}.Release|Any CPU.ActiveCfg = Release|Any CPU
		{04B587A5-FC17-4E7B-87E4-11D54360C0FE}.Release|Any CPU.Build.0 = Release|Any CPU
	EndGlobalSection
	GlobalSection(SolutionProperties) = preSolution
		HideSolutionNode = FALSE
	EndGlobalSection
	GlobalSection(ExtensibilityGlobals) = postSolution
		SolutionGuid = {B75BA81B-0394-4EC5-A6ED-58FD0F7A2ED2}
	EndGlobalSection
EndGlobal
