
Microsoft Visual Studio Solution File, Format Version 12.00
# Visual Studio Version 16
VisualStudioVersion = 16.0.30204.135
MinimumVisualStudioVersion = 10.0.40219.1
Project("{FAE04EC0-301F-11D3-BF4B-00C04F79EFBC}") = "CarInsurance", "CarInsurance\CarInsurance.csproj", "{5AFC1987-40BB-438A-9933-AA091285998A}"
EndProject
Global
	GlobalSection(SolutionConfigurationPlatforms) = preSolution
		Debug|Any CPU = Debug|Any CPU
		Release|Any CPU = Release|Any CPU
	EndGlobalSection
	GlobalSection(ProjectConfigurationPlatforms) = postSolution
		{5AFC1987-40BB-438A-9933-AA091285998A}.Debug|Any CPU.ActiveCfg = Debug|Any CPU
		{5AFC1987-40BB-438A-9933-AA091285998A}.Debug|Any CPU.Build.0 = Debug|Any CPU
		{5AFC1987-40BB-438A-9933-AA091285998A}.Release|Any CPU.ActiveCfg = Release|Any CPU
		{5AFC1987-40BB-438A-9933-AA091285998A}.Release|Any CPU.Build.0 = Release|Any CPU
	EndGlobalSection
	GlobalSection(SolutionProperties) = preSolution
		HideSolutionNode = FALSE
	EndGlobalSection
	GlobalSection(ExtensibilityGlobals) = postSolution
		SolutionGuid = {42A8AAE6-EDD7-474B-97B5-E755B4F3218D}
	EndGlobalSection
EndGlobal
