
Microsoft Visual Studio Solution File, Format Version 12.00
# Visual Studio Version 16
VisualStudioVersion = 16.0.30204.135
MinimumVisualStudioVersion = 10.0.40219.1
Project("{FAE04EC0-301F-11D3-BF4B-00C04F79EFBC}") = "ChainConstructorsAndVariables", "ChainConstructorsAndVariables\ChainConstructorsAndVariables.csproj", "{0F5434B7-DE25-431E-8790-A00961A1C32A}"
EndProject
Global
	GlobalSection(SolutionConfigurationPlatforms) = preSolution
		Debug|Any CPU = Debug|Any CPU
		Release|Any CPU = Release|Any CPU
	EndGlobalSection
	GlobalSection(ProjectConfigurationPlatforms) = postSolution
		{0F5434B7-DE25-431E-8790-A00961A1C32A}.Debug|Any CPU.ActiveCfg = Debug|Any CPU
		{0F5434B7-DE25-431E-8790-A00961A1C32A}.Debug|Any CPU.Build.0 = Debug|Any CPU
		{0F5434B7-DE25-431E-8790-A00961A1C32A}.Release|Any CPU.ActiveCfg = Release|Any CPU
		{0F5434B7-DE25-431E-8790-A00961A1C32A}.Release|Any CPU.Build.0 = Release|Any CPU
	EndGlobalSection
	GlobalSection(SolutionProperties) = preSolution
		HideSolutionNode = FALSE
	EndGlobalSection
	GlobalSection(ExtensibilityGlobals) = postSolution
		SolutionGuid = {4DA6E62D-97F3-4410-A493-7A85237AA569}
	EndGlobalSection
EndGlobal
